Microsoft Visual Studio Solution File, Format Version 12.00
# Visual Studio Version 17
VisualStudioVersion = 17.14.36717.8
MinimumVisualStudioVersion = 10.0.40219.1
Project("{FAE04EC0-301F-11D3-BF4B-00C04F79EFBC}") = "LogisticsTracker", "LogisticsTracker\LogisticsTracker.csproj", "{9D591188-274E-4A90-91C1-FAC597DF67DF}"
EndProject
Project("{2150E333-8FDC-42A3-9474-1A3956D46DE8}") = "Modules", "Modules", "{02EA681E-C7D8-13C7-8484-4AC65E1B71E8}"
EndProject
Project("{2150E333-8FDC-42A3-9474-1A3956D46DE8}") = "Orders", "Orders", "{57157A57-3CDB-46F2-939B-613503C72C46}"
EndProject
Project("{2150E333-8FDC-42A3-9474-1A3956D46DE8}") = "Auth", "Auth", "{8B3F4D7E-6A9C-4C2F-B8E1-9F2D3E4A5B6C}"
EndProject
Project("{FAE04EC0-301F-11D3-BF4B-00C04F79EFBC}") = "Auth.Domain", "Modules\Auth\Auth.Domain\Auth.Domain.csproj", "{1A2B3C4D-5E6F-4A7B-8C9D-0E1F2A3B4C5D}"
EndProject
Project("{FAE04EC0-301F-11D3-BF4B-00C04F79EFBC}") = "Auth.Application", "Modules\Auth\Auth.Application\Auth.Application.csproj", "{2B3C4D5E-6F7A-4B8C-9D0E-1F2A3B4C5D6E}"
EndProject
Project("{FAE04EC0-301F-11D3-BF4B-00C04F79EFBC}") = "Orders.Domain", "Modules\Orders\Orders.Domain\Orders.Domain.csproj", "{3CFB5449-281E-25EF-0550-9A131D9455E9}"
EndProject
Project("{FAE04EC0-301F-11D3-BF4B-00C04F79EFBC}") = "Orders.Application", "Modules\Orders\Orders.Application\Orders.Application.csproj", "{7301D539-101D-3C9A-05AA-50912A1D5921}"
EndProject
Project("{FAE04EC0-301F-11D3-BF4B-00C04F79EFBC}") = "Orders.Infrastructure", "Modules\Orders\Orders.Infrastructure\Orders.Infrastructure.csproj", "{717700D9-EEBB-4927-8525-C4048D48BAF8}"
EndProject
Project("{FAE04EC0-301F-11D3-BF4B-00C04F79EFBC}") = "Orders.Api", "Modules\Orders\Orders.Api\Orders.Api.csproj", "{FE2071D4-6126-4713-8F34-A196121FCC62}"
EndProject
Project("{FAE04EC0-301F-11D3-BF4B-00C04F79EFBC}") = "Orders.Tests", "Modules\Orders\Orders.Tests\Orders.Tests.csproj", "{FCE2F3F2-58C8-5381-425D-C0571FBA12E3}"
EndProject
Global
	GlobalSection(SolutionConfigurationPlatforms) = preSolution
		Debug|Any CPU = Debug|Any CPU
		Debug|x64 = Debug|x64
		Debug|x86 = Debug|x86
		Release|Any CPU = Release|Any CPU
		Release|x64 = Release|x64
		Release|x86 = Release|x86
	EndGlobalSection
	GlobalSection(ProjectConfigurationPlatforms) = postSolution
		{9D591188-274E-4A90-91C1-FAC597DF67DF}.Debug|Any CPU.ActiveCfg = Debug|Any CPU
		{9D591188-274E-4A90-91C1-FAC597DF67DF}.Debug|Any CPU.Build.0 = Debug|Any CPU
		{9D591188-274E-4A90-91C1-FAC597DF67DF}.Debug|x64.ActiveCfg = Debug|Any CPU
		{9D591188-274E-4A90-91C1-FAC597DF67DF}.Debug|x64.Build.0 = Debug|Any CPU
		{9D591188-274E-4A90-91C1-FAC597DF67DF}.Debug|x86.ActiveCfg = Debug|Any CPU
		{9D591188-274E-4A90-91C1-FAC597DF67DF}.Debug|x86.Build.0 = Debug|Any CPU
		{9D591188-274E-4A90-91C1-FAC597DF67DF}.Release|Any CPU.ActiveCfg = Release|Any CPU
		{9D591188-274E-4A90-91C1-FAC597DF67DF}.Release|Any CPU.Build.0 = Release|Any CPU
		{9D591188-274E-4A90-91C1-FAC597DF67DF}.Release|x64.ActiveCfg = Release|Any CPU
		{9D591188-274E-4A90-91C1-FAC597DF67DF}.Release|x64.Build.0 = Release|Any CPU
		{9D591188-274E-4A90-91C1-FAC597DF67DF}.Release|x86.ActiveCfg = Release|Any CPU
		{9D591188-274E-4A90-91C1-FAC597DF67DF}.Release|x86.Build.0 = Release|Any CPU
		{1A2B3C4D-5E6F-4A7B-8C9D-0E1F2A3B4C5D}.Debug|Any CPU.ActiveCfg = Debug|Any CPU
		{1A2B3C4D-5E6F-4A7B-8C9D-0E1F2A3B4C5D}.Debug|Any CPU.Build.0 = Debug|Any CPU
		{1A2B3C4D-5E6F-4A7B-8C9D-0E1F2A3B4C5D}.Debug|x64.ActiveCfg = Debug|Any CPU
		{1A2B3C4D-5E6F-4A7B-8C9D-0E1F2A3B4C5D}.Debug|x64.Build.0 = Debug|Any CPU
		{1A2B3C4D-5E6F-4A7B-8C9D-0E1F2A3B4C5D}.Debug|x86.ActiveCfg = Debug|Any CPU
		{1A2B3C4D-5E6F-4A7B-8C9D-0E1F2A3B4C5D}.Debug|x86.Build.0 = Debug|Any CPU
		{1A2B3C4D-5E6F-4A7B-8C9D-0E1F2A3B4C5D}.Release|Any CPU.ActiveCfg = Release|Any CPU
		{1A2B3C4D-5E6F-4A7B-8C9D-0E1F2A3B4C5D}.Release|Any CPU.Build.0 = Release|Any CPU
		{1A2B3C4D-5E6F-4A7B-8C9D-0E1F2A3B4C5D}.Release|x64.ActiveCfg = Release|Any CPU
		{1A2B3C4D-5E6F-4A7B-8C9D-0E1F2A3B4C5D}.Release|x64.Build.0 = Release|Any CPU
		{1A2B3C4D-5E6F-4A7B-8C9D-0E1F2A3B4C5D}.Release|x86.ActiveCfg = Release|Any CPU
		{1A2B3C4D-5E6F-4A7B-8C9D-0E1F2A3B4C5D}.Release|x86.Build.0 = Release|Any CPU
		{2B3C4D5E-6F7A-4B8C-9D0E-1F2A3B4C5D6E}.Debug|Any CPU.ActiveCfg = Debug|Any CPU
		{2B3C4D5E-6F7A-4B8C-9D0E-1F2A3B4C5D6E}.Debug|Any CPU.Build.0 = Debug|Any CPU
		{2B3C4D5E-6F7A-4B8C-9D0E-1F2A3B4C5D6E}.Debug|x64.ActiveCfg = Debug|Any CPU
		{2B3C4D5E-6F7A-4B8C-9D0E-1F2A3B4C5D6E}.Debug|x64.Build.0 = Debug|Any CPU
		{2B3C4D5E-6F7A-4B8C-9D0E-1F2A3B4C5D6E}.Debug|x86.ActiveCfg = Debug|Any CPU
		{2B3C4D5E-6F7A-4B8C-9D0E-1F2A3B4C5D6E}.Debug|x86.Build.0 = Debug|Any CPU
		{2B3C4D5E-6F7A-4B8C-9D0E-1F2A3B4C5D6E}.Release|Any CPU.ActiveCfg = Release|Any CPU
		{2B3C4D5E-6F7A-4B8C-9D0E-1F2A3B4C5D6E}.Release|Any CPU.Build.0 = Release|Any CPU
		{2B3C4D5E-6F7A-4B8C-9D0E-1F2A3B4C5D6E}.Release|x64.ActiveCfg = Release|Any CPU
		{2B3C4D5E-6F7A-4B8C-9D0E-1F2A3B4C5D6E}.Release|x64.Build.0 = Release|Any CPU
		{2B3C4D5E-6F7A-4B8C-9D0E-1F2A3B4C5D6E}.Release|x86.ActiveCfg = Release|Any CPU
		{2B3C4D5E-6F7A-4B8C-9D0E-1F2A3B4C5D6E}.Release|x86.Build.0 = Release|Any CPU
		{3CFB5449-281E-25EF-0550-9A131D9455E9}.Debug|Any CPU.ActiveCfg = Debug|Any CPU
		{3CFB5449-281E-25EF-0550-9A131D9455E9}.Debug|Any CPU.Build.0 = Debug|Any CPU
		{3CFB5449-281E-25EF-0550-9A131D9455E9}.Debug|x64.ActiveCfg = Debug|Any CPU
		{3CFB5449-281E-25EF-0550-9A131D9455E9}.Debug|x64.Build.0 = Debug|Any CPU
		{3CFB5449-281E-25EF-0550-9A131D9455E9}.Debug|x86.ActiveCfg = Debug|Any CPU
		{3CFB5449-281E-25EF-0550-9A131D9455E9}.Debug|x86.Build.0 = Debug|Any CPU
		{3CFB5449-281E-25EF-0550-9A131D9455E9}.Release|Any CPU.ActiveCfg = Release|Any CPU
		{3CFB5449-281E-25EF-0550-9A131D9455E9}.Release|Any CPU.Build.0 = Release|Any CPU
		{3CFB5449-281E-25EF-0550-9A131D9455E9}.Release|x64.ActiveCfg = Release|Any CPU
		{3CFB5449-281E-25EF-0550-9A131D9455E9}.Release|x64.Build.0 = Release|Any CPU
		{3CFB5449-281E-25EF-0550-9A131D9455E9}.Release|x86.ActiveCfg = Release|Any CPU
		{3CFB5449-281E-25EF-0550-9A131D9455E9}.Release|x86.Build.0 = Release|Any CPU
		{7301D539-101D-3C9A-05AA-50912A1D5921}.Debug|Any CPU.ActiveCfg = Debug|Any CPU
		{7301D539-101D-3C9A-05AA-50912A1D5921}.Debug|Any CPU.Build.0 = Debug|Any CPU
		{7301D539-101D-3C9A-05AA-50912A1D5921}.Debug|x64.ActiveCfg = Debug|Any CPU
		{7301D539-101D-3C9A-05AA-50912A1D5921}.Debug|x64.Build.0 = Debug|Any CPU
		{7301D539-101D-3C9A-05AA-50912A1D5921}.Debug|x86.ActiveCfg = Debug|Any CPU
		{7301D539-101D-3C9A-05AA-50912A1D5921}.Debug|x86.Build.0 = Debug|Any CPU
		{7301D539-101D-3C9A-05AA-50912A1D5921}.Release|Any CPU.ActiveCfg = Release|Any CPU
		{7301D539-101D-3C9A-05AA-50912A1D5921}.Release|Any CPU.Build.0 = Release|Any CPU
		{7301D539-101D-3C9A-05AA-50912A1D5921}.Release|x64.ActiveCfg = Release|Any CPU
		{7301D539-101D-3C9A-05AA-50912A1D5921}.Release|x64.Build.0 = Release|Any CPU
		{7301D539-101D-3C9A-05AA-50912A1D5921}.Release|x86.ActiveCfg = Release|Any CPU
		{7301D539-101D-3C9A-05AA-50912A1D5921}.Release|x86.Build.0 = Release|Any CPU
		{717700D9-EEBB-4927-8525-C4048D48BAF8}.Debug|Any CPU.ActiveCfg = Debug|Any CPU
		{717700D9-EEBB-4927-8525-C4048D48BAF8}.Debug|Any CPU.Build.0 = Debug|Any CPU
		{717700D9-EEBB-4927-8525-C4048D48BAF8}.Debug|x64.ActiveCfg = Debug|Any CPU
		{717700D9-EEBB-4927-8525-C4048D48BAF8}.Debug|x64.Build.0 = Debug|Any CPU
		{717700D9-EEBB-4927-8525-C4048D48BAF8}.Debug|x86.ActiveCfg = Debug|Any CPU
		{717700D9-EEBB-4927-8525-C4048D48BAF8}.Debug|x86.Build.0 = Debug|Any CPU
		{717700D9-EEBB-4927-8525-C4048D48BAF8}.Release|Any CPU.ActiveCfg = Release|Any CPU
		{717700D9-EEBB-4927-8525-C4048D48BAF8}.Release|Any CPU.Build.0 = Release|Any CPU
		{717700D9-EEBB-4927-8525-C4048D48BAF8}.Release|x64.ActiveCfg = Release|Any CPU
		{717700D9-EEBB-4927-8525-C4048D48BAF8}.Release|x64.Build.0 = Release|Any CPU
		{717700D9-EEBB-4927-8525-C4048D48BAF8}.Release|x86.ActiveCfg = Release|Any CPU
		{717700D9-EEBB-4927-8525-C4048D48BAF8}.Release|x86.Build.0 = Release|Any CPU
		{FE2071D4-6126-4713-8F34-A196121FCC62}.Debug|Any CPU.ActiveCfg = Debug|Any CPU
		{FE2071D4-6126-4713-8F34-A196121FCC62}.Debug|Any CPU.Build.0 = Debug|Any CPU
		{FE2071D4-6126-4713-8F34-A196121FCC62}.Debug|x64.ActiveCfg = Debug|Any CPU
		{FE2071D4-6126-4713-8F34-A196121FCC62}.Debug|x64.Build.0 = Debug|Any CPU
		{FE2071D4-6126-4713-8F34-A196121FCC62}.Debug|x86.ActiveCfg = Debug|Any CPU
		{FE2071D4-6126-4713-8F34-A196121FCC62}.Debug|x86.Build.0 = Debug|Any CPU
		{FE2071D4-6126-4713-8F34-A196121FCC62}.Release|Any CPU.ActiveCfg = Release|Any CPU
		{FE2071D4-6126-4713-8F34-A196121FCC62}.Release|Any CPU.Build.0 = Release|Any CPU
		{FE2071D4-6126-4713-8F34-A196121FCC62}.Release|x64.ActiveCfg = Release|Any CPU
		{FE2071D4-6126-4713-8F34-A196121FCC62}.Release|x64.Build.0 = Release|Any CPU
		{FE2071D4-6126-4713-8F34-A196121FCC62}.Release|x86.ActiveCfg = Release|Any CPU
		{FE2071D4-6126-4713-8F34-A196121FCC62}.Release|x86.Build.0 = Release|Any CPU
		{FCE2F3F2-58C8-5381-425D-C0571FBA12E3}.Debug|Any CPU.ActiveCfg = Debug|Any CPU
		{FCE2F3F2-58C8-5381-425D-C0571FBA12E3}.Debug|Any CPU.Build.0 = Debug|Any CPU
		{FCE2F3F2-58C8-5381-425D-C0571FBA12E3}.Debug|x64.ActiveCfg = Debug|Any CPU
		{FCE2F3F2-58C8-5381-425D-C0571FBA12E3}.Debug|x64.Build.0 = Debug|Any CPU
		{FCE2F3F2-58C8-5381-425D-C0571FBA12E3}.Debug|x86.ActiveCfg = Debug|Any CPU
		{FCE2F3F2-58C8-5381-425D-C0571FBA12E3}.Debug|x86.Build.0 = Debug|Any CPU
		{FCE2F3F2-58C8-5381-425D-C0571FBA12E3}.Release|Any CPU.ActiveCfg = Release|Any CPU
		{FCE2F3F2-58C8-5381-425D-C0571FBA12E3}.Release|Any CPU.Build.0 = Release|Any CPU
		{FCE2F3F2-58C8-5381-425D-C0571FBA12E3}.Release|x64.ActiveCfg = Release|Any CPU
		{FCE2F3F2-58C8-5381-425D-C0571FBA12E3}.Release|x64.Build.0 = Release|Any CPU
		{FCE2F3F2-58C8-5381-425D-C0571FBA12E3}.Release|x86.ActiveCfg = Release|Any CPU
		{FCE2F3F2-58C8-5381-425D-C0571FBA12E3}.Release|x86.Build.0 = Release|Any CPU
	EndGlobalSection
	GlobalSection(SolutionProperties) = preSolution
		HideSolutionNode = FALSE
	EndGlobalSection
	GlobalSection(NestedProjects) = preSolution
		{57157A57-3CDB-46F2-939B-613503C72C46} = {02EA681E-C7D8-13C7-8484-4AC65E1B71E8}
		{8B3F4D7E-6A9C-4C2F-B8E1-9F2D3E4A5B6C} = {02EA681E-C7D8-13C7-8484-4AC65E1B71E8}
		{1A2B3C4D-5E6F-4A7B-8C9D-0E1F2A3B4C5D} = {8B3F4D7E-6A9C-4C2F-B8E1-9F2D3E4A5B6C}
		{2B3C4D5E-6F7A-4B8C-9D0E-1F2A3B4C5D6E} = {8B3F4D7E-6A9C-4C2F-B8E1-9F2D3E4A5B6C}
		{3CFB5449-281E-25EF-0550-9A131D9455E9} = {57157A57-3CDB-46F2-939B-613503C72C46}
		{7301D539-101D-3C9A-05AA-50912A1D5921} = {57157A57-3CDB-46F2-939B-613503C72C46}
		{717700D9-EEBB-4927-8525-C4048D48BAF8} = {57157A57-3CDB-46F2-939B-613503C72C46}
		{FE2071D4-6126-4713-8F34-A196121FCC62} = {57157A57-3CDB-46F2-939B-613503C72C46}
		{FCE2F3F2-58C8-5381-425D-C0571FBA12E3} = {57157A57-3CDB-46F2-939B-613503C72C46}
	EndGlobalSection
	GlobalSection(ExtensibilityGlobals) = postSolution
		SolutionGuid = {54265E16-E30E-4D77-AFE3-D6A093D913D5}
	EndGlobalSection
EndGlobal